// !$*UTF8*$!
{
	archiveVersion = 1;
	classes = {
	};
	objectVersion = 50;
	objects = {

/* Begin PBXBuildFile section */
		FACCF13621D5464E0083B090 /* AppDelegate.swift in Sources */ = {isa = PBXBuildFile; fileRef = FACCF13521D5464E0083B090 /* AppDelegate.swift */; };
		FACCF13821D5464E0083B090 /* SelectItemVC.swift in Sources */ = {isa = PBXBuildFile; fileRef = FACCF13721D5464E0083B090 /* SelectItemVC.swift */; };
		FACCF13B21D5464E0083B090 /* Main.storyboard in Resources */ = {isa = PBXBuildFile; fileRef = FACCF13921D5464E0083B090 /* Main.storyboard */; };
		FACCF13D21D546510083B090 /* Assets.xcassets in Resources */ = {isa = PBXBuildFile; fileRef = FACCF13C21D546510083B090 /* Assets.xcassets */; };
		FACCF14021D546510083B090 /* LaunchScreen.storyboard in Resources */ = {isa = PBXBuildFile; fileRef = FACCF13E21D546510083B090 /* LaunchScreen.storyboard */; };
		FACCF14B21D546520083B090 /* NavigationChangesTests.swift in Sources */ = {isa = PBXBuildFile; fileRef = FACCF14A21D546520083B090 /* NavigationChangesTests.swift */; };
		FACCF15621D55AE70083B090 /* SelectLocationVC.swift in Sources */ = {isa = PBXBuildFile; fileRef = FACCF15521D55AE70083B090 /* SelectLocationVC.swift */; };
		FACCF15821D6489E0083B090 /* ConfirmationVC.swift in Sources */ = {isa = PBXBuildFile; fileRef = FACCF15721D6489E0083B090 /* ConfirmationVC.swift */; };
/* End PBXBuildFile section */

/* Begin PBXContainerItemProxy section */
		FACCF14721D546520083B090 /* PBXContainerItemProxy */ = {
			isa = PBXContainerItemProxy;
			containerPortal = FACCF12A21D5464D0083B090 /* Project object */;
			proxyType = 1;
			remoteGlobalIDString = FACCF13121D5464D0083B090;
			remoteInfo = NavigationChanges;
		};
/* End PBXContainerItemProxy section */

/* Begin PBXFileReference section */
		FACCF13221D5464E0083B090 /* NavigationChanges.app */ = {isa = PBXFileReference; explicitFileType = wrapper.application; includeInIndex = 0; path = NavigationChanges.app; sourceTree = BUILT_PRODUCTS_DIR; };
		FACCF13521D5464E0083B090 /* AppDelegate.swift */ = {isa = PBXFileReference; lastKnownFileType = sourcecode.swift; path = AppDelegate.swift; sourceTree = "<group>"; };
		FACCF13721D5464E0083B090 /* SelectItemVC.swift */ = {isa = PBXFileReference; lastKnownFileType = sourcecode.swift; path = SelectItemVC.swift; sourceTree = "<group>"; };
		FACCF13A21D5464E0083B090 /* Base */ = {isa = PBXFileReference; lastKnownFileType = file.storyboard; name = Base; path = Base.lproj/Main.storyboard; sourceTree = "<group>"; };
		FACCF13C21D546510083B090 /* Assets.xcassets */ = {isa = PBXFileReference; lastKnownFileType = folder.assetcatalog; path = Assets.xcassets; sourceTree = "<group>"; };
		FACCF13F21D546510083B090 /* Base */ = {isa = PBXFileReference; lastKnownFileType = file.storyboard; name = Base; path = Base.lproj/LaunchScreen.storyboard; sourceTree = "<group>"; };
		FACCF14121D546510083B090 /* Info.plist */ = {isa = PBXFileReference; lastKnownFileType = text.plist.xml; path = Info.plist; sourceTree = "<group>"; };
		FACCF14621D546520083B090 /* NavigationChangesTests.xctest */ = {isa = PBXFileReference; explicitFileType = wrapper.cfbundle; includeInIndex = 0; path = NavigationChangesTests.xctest; sourceTree = BUILT_PRODUCTS_DIR; };
		FACCF14A21D546520083B090 /* NavigationChangesTests.swift */ = {isa = PBXFileReference; lastKnownFileType = sourcecode.swift; path = NavigationChangesTests.swift; sourceTree = "<group>"; };
		FACCF14C21D546520083B090 /* Info.plist */ = {isa = PBXFileReference; lastKnownFileType = text.plist.xml; path = Info.plist; sourceTree = "<group>"; };
		FACCF15521D55AE70083B090 /* SelectLocationVC.swift */ = {isa = PBXFileReference; lastKnownFileType = sourcecode.swift; path = SelectLocationVC.swift; sourceTree = "<group>"; };
		FACCF15721D6489E0083B090 /* ConfirmationVC.swift */ = {isa = PBXFileReference; lastKnownFileType = sourcecode.swift; path = ConfirmationVC.swift; sourceTree = "<group>"; };
/* End PBXFileReference section */

/* Begin PBXFrameworksBuildPhase section */
		FACCF12F21D5464D0083B090 /* Frameworks */ = {
			isa = PBXFrameworksBuildPhase;
			buildActionMask = 2147483647;
			files = (
			);
			runOnlyForDeploymentPostprocessing = 0;
		};
		FACCF14321D546520083B090 /* Frameworks */ = {
			isa = PBXFrameworksBuildPhase;
			buildActionMask = 2147483647;
			files = (
			);
			runOnlyForDeploymentPostprocessing = 0;
		};
/* End PBXFrameworksBuildPhase section */

/* Begin PBXGroup section */
		FACCF12921D5464D0083B090 = {
			isa = PBXGroup;
			children = (
				FACCF13421D5464E0083B090 /* NavigationChanges */,
				FACCF14921D546520083B090 /* NavigationChangesTests */,
				FACCF13321D5464E0083B090 /* Products */,
			);
			sourceTree = "<group>";
		};
		FACCF13321D5464E0083B090 /* Products */ = {
			isa = PBXGroup;
			children = (
				FACCF13221D5464E0083B090 /* NavigationChanges.app */,
				FACCF14621D546520083B090 /* NavigationChangesTests.xctest */,
			);
			name = Products;
			sourceTree = "<group>";
		};
		FACCF13421D5464E0083B090 /* NavigationChanges */ = {
			isa = PBXGroup;
			children = (
				FACCF13521D5464E0083B090 /* AppDelegate.swift */,
				FACCF13C21D546510083B090 /* Assets.xcassets */,
				FACCF15721D6489E0083B090 /* ConfirmationVC.swift */,
				FACCF14121D546510083B090 /* Info.plist */,
				FACCF13E21D546510083B090 /* LaunchScreen.storyboard */,
				FACCF13921D5464E0083B090 /* Main.storyboard */,
				FACCF13721D5464E0083B090 /* SelectItemVC.swift */,
				FACCF15521D55AE70083B090 /* SelectLocationVC.swift */,
			);
			path = NavigationChanges;
			sourceTree = "<group>";
		};
		FACCF14921D546520083B090 /* NavigationChangesTests */ = {
			isa = PBXGroup;
			children = (
				FACCF14A21D546520083B090 /* NavigationChangesTests.swift */,
				FACCF14C21D546520083B090 /* Info.plist */,
			);
			path = NavigationChangesTests;
			sourceTree = "<group>";
		};
/* End PBXGroup section */

/* Begin PBXNativeTarget section */
		FACCF13121D5464D0083B090 /* NavigationChanges */ = {
			isa = PBXNativeTarget;
			buildConfigurationList = FACCF14F21D546520083B090 /* Build configuration list for PBXNativeTarget "NavigationChanges" */;
			buildPhases = (
				FACCF12E21D5464D0083B090 /* Sources */,
				FACCF12F21D5464D0083B090 /* Frameworks */,
				FACCF13021D5464D0083B090 /* Resources */,
			);
			buildRules = (
			);
			dependencies = (
			);
			name = NavigationChanges;
			productName = NavigationChanges;
			productReference = FACCF13221D5464E0083B090 /* NavigationChanges.app */;
			productType = "com.apple.product-type.application";
		};
		FACCF14521D546520083B090 /* NavigationChangesTests */ = {
			isa = PBXNativeTarget;
			buildConfigurationList = FACCF15221D546520083B090 /* Build configuration list for PBXNativeTarget "NavigationChangesTests" */;
			buildPhases = (
				FACCF14221D546520083B090 /* Sources */,
				FACCF14321D546520083B090 /* Frameworks */,
				FACCF14421D546520083B090 /* Resources */,
			);
			buildRules = (
			);
			dependencies = (
				FACCF14821D546520083B090 /* PBXTargetDependency */,
			);
			name = NavigationChangesTests;
			productName = NavigationChangesTests;
			productReference = FACCF14621D546520083B090 /* NavigationChangesTests.xctest */;
			productType = "com.apple.product-type.bundle.unit-test";
		};
/* End PBXNativeTarget section */

/* Begin PBXProject section */
		FACCF12A21D5464D0083B090 /* Project object */ = {
			isa = PBXProject;
			attributes = {
				LastSwiftUpdateCheck = 1010;
				LastUpgradeCheck = 1010;
				ORGANIZATIONNAME = VTS;
				TargetAttributes = {
					FACCF13121D5464D0083B090 = {
						CreatedOnToolsVersion = 10.1;
					};
					FACCF14521D546520083B090 = {
						CreatedOnToolsVersion = 10.1;
						TestTargetID = FACCF13121D5464D0083B090;
					};
				};
			};
			buildConfigurationList = FACCF12D21D5464D0083B090 /* Build configuration list for PBXProject "NavigationChanges" */;
			compatibilityVersion = "Xcode 9.3";
			developmentRegion = en;
			hasScannedForEncodings = 0;
			knownRegions = (
				en,
				Base,
			);
			mainGroup = FACCF12921D5464D0083B090;
			productRefGroup = FACCF13321D5464E0083B090 /* Products */;
			projectDirPath = "";
			projectRoot = "";
			targets = (
				FACCF13121D5464D0083B090 /* NavigationChanges */,
				FACCF14521D546520083B090 /* NavigationChangesTests */,
			);
		};
/* End PBXProject section */

/* Begin PBXResourcesBuildPhase section */
		FACCF13021D5464D0083B090 /* Resources */ = {
			isa = PBXResourcesBuildPhase;
			buildActionMask = 2147483647;
			files = (
				FACCF14021D546510083B090 /* LaunchScreen.storyboard in Resources */,
				FACCF13D21D546510083B090 /* Assets.xcassets in Resources */,
				FACCF13B21D5464E0083B090 /* Main.storyboard in Resources */,
			);
			runOnlyForDeploymentPostprocessing = 0;
		};
		FACCF14421D546520083B090 /* Resources */ = {
			isa = PBXResourcesBuildPhase;
			buildActionMask = 2147483647;
			files = (
			);
			runOnlyForDeploymentPostprocessing = 0;
		};
/* End PBXResourcesBuildPhase section */

/* Begin PBXSourcesBuildPhase section */
		FACCF12E21D5464D0083B090 /* Sources */ = {
			isa = PBXSourcesBuildPhase;
			buildActionMask = 2147483647;
			files = (
				FACCF15621D55AE70083B090 /* SelectLocationVC.swift in Sources */,
				FACCF15821D6489E0083B090 /* ConfirmationVC.swift in Sources */,
				FACCF13821D5464E0083B090 /* SelectItemVC.swift in Sources */,
				FACCF13621D5464E0083B090 /* AppDelegate.swift in Sources */,
			);
			runOnlyForDeploymentPostprocessing = 0;
		};
		FACCF14221D546520083B090 /* Sources */ = {
			isa = PBXSourcesBuildPhase;
			buildActionMask = 2147483647;
			files = (
				FACCF14B21D546520083B090 /* NavigationChangesTests.swift in Sources */,
			);
			runOnlyForDeploymentPostprocessing = 0;
		};
/* End PBXSourcesBuildPhase section */

/* Begin PBXTargetDependency section */
		FACCF14821D546520083B090 /* PBXTargetDependency */ = {
			isa = PBXTargetDependency;
			target = FACCF13121D5464D0083B090 /* NavigationChanges */;
			targetProxy = FACCF14721D546520083B090 /* PBXContainerItemProxy */;
		};
/* End PBXTargetDependency section */

/* Begin PBXVariantGroup section */
		FACCF13921D5464E0083B090 /* Main.storyboard */ = {
			isa = PBXVariantGroup;
			children = (
				FACCF13A21D5464E0083B090 /* Base */,
			);
			name = Main.storyboard;
			sourceTree = "<group>";
		};
		FACCF13E21D546510083B090 /* LaunchScreen.storyboard */ = {
			isa = PBXVariantGroup;
			children = (
				FACCF13F21D546510083B090 /* Base */,
			);
			name = LaunchScreen.storyboard;
			sourceTree = "<group>";
		};
/* End PBXVariantGroup section */

/* Begin XCBuildConfiguration section */
		FACCF14D21D546520083B090 /* Debug */ = {
			isa = XCBuildConfiguration;
			buildSettings = {
				ALWAYS_SEARCH_USER_PATHS = NO;
				CLANG_ANALYZER_NONNULL = YES;
				CLANG_ANALYZER_NUMBER_OBJECT_CONVERSION = YES_AGGRESSIVE;
				CLANG_CXX_LANGUAGE_STANDARD = "gnu++14";
				CLANG_CXX_LIBRARY = "libc++";
				CLANG_ENABLE_MODULES = YES;
				CLANG_ENABLE_OBJC_ARC = YES;
				CLANG_ENABLE_OBJC_WEAK = YES;
				CLANG_WARN_BLOCK_CAPTURE_AUTORELEASING = YES;
				CLANG_WARN_BOOL_CONVERSION = YES;
				CLANG_WARN_COMMA = YES;
				CLANG_WARN_CONSTANT_CONVERSION = YES;
				CLANG_WARN_DEPRECATED_OBJC_IMPLEMENTATIONS = YES;
				CLANG_WARN_DIRECT_OBJC_ISA_USAGE = YES_ERROR;
				CLANG_WARN_DOCUMENTATION_COMMENTS = YES;
				CLANG_WARN_EMPTY_BODY = YES;
				CLANG_WARN_ENUM_CONVERSION = YES;
				CLANG_WARN_INFINITE_RECURSION = YES;
				CLANG_WARN_INT_CONVERSION = YES;
				CLANG_WARN_NON_LITERAL_NULL_CONVERSION = YES;
				CLANG_WARN_OBJC_IMPLICIT_RETAIN_SELF = YES;
				CLANG_WARN_OBJC_LITERAL_CONVERSION = YES;
				CLANG_WARN_OBJC_ROOT_CLASS = YES_ERROR;
				CLANG_WARN_RANGE_LOOP_ANALYSIS = YES;
				CLANG_WARN_STRICT_PROTOTYPES = YES;
				CLANG_WARN_SUSPICIOUS_MOVE = YES;
				CLANG_WARN_UNGUARDED_AVAILABILITY = YES_AGGRESSIVE;
				CLANG_WARN_UNREACHABLE_CODE = YES;
				CLANG_WARN__DUPLICATE_METHOD_MATCH = YES;
				CODE_SIGN_IDENTITY = "iPhone Developer";
				COPY_PHASE_STRIP = NO;
				DEBUG_INFORMATION_FORMAT = dwarf;
				ENABLE_STRICT_OBJC_MSGSEND = YES;
				ENABLE_TESTABILITY = YES;
				GCC_C_LANGUAGE_STANDARD = gnu11;
				GCC_DYNAMIC_NO_PIC = NO;
				GCC_NO_COMMON_BLOCKS = YES;
				GCC_OPTIMIZATION_LEVEL = 0;
				GCC_PREPROCESSOR_DEFINITIONS = (
					"DEBUG=1",
					"$(inherited)",
				);
				GCC_WARN_64_TO_32_BIT_CONVERSION = YES;
				GCC_WARN_ABOUT_RETURN_TYPE = YES_ERROR;
				GCC_WARN_UNDECLARED_SELECTOR = YES;
				GCC_WARN_UNINITIALIZED_AUTOS = YES_AGGRESSIVE;
				GCC_WARN_UNUSED_FUNCTION = YES;
				GCC_WARN_UNUSED_VARIABLE = YES;
				IPHONEOS_DEPLOYMENT_TARGET = 12.1;
				MTL_ENABLE_DEBUG_INFO = INCLUDE_SOURCE;
				MTL_FAST_MATH = YES;
				ONLY_ACTIVE_ARCH = YES;
				SDKROOT = iphoneos;
				SWIFT_ACTIVE_COMPILATION_CONDITIONS = DEBUG;
				SWIFT_OPTIMIZATION_LEVEL = "-Onone";
			};
			name = Debug;
		};
		FACCF14E21D546520083B090 /* Release */ = {
			isa = XCBuildConfiguration;
			buildSettings = {
				ALWAYS_SEARCH_USER_PATHS = NO;
				CLANG_ANALYZER_NONNULL = YES;
				CLANG_ANALYZER_NUMBER_OBJECT_CONVERSION = YES_AGGRESSIVE;
				CLANG_CXX_LANGUAGE_STANDARD = "gnu++14";
				CLANG_CXX_LIBRARY = "libc++";
				CLANG_ENABLE_MODULES = YES;
				CLANG_ENABLE_OBJC_ARC = YES;
				CLANG_ENABLE_OBJC_WEAK = YES;
				CLANG_WARN_BLOCK_CAPTURE_AUTORELEASING = YES;
				CLANG_WARN_BOOL_CONVERSION = YES;
				CLANG_WARN_COMMA = YES;
				CLANG_WARN_CONSTANT_CONVERSION = YES;
				CLANG_WARN_DEPRECATED_OBJC_IMPLEMENTATIONS = YES;
				CLANG_WARN_DIRECT_OBJC_ISA_USAGE = YES_ERROR;
				CLANG_WARN_DOCUMENTATION_COMMENTS = YES;
				CLANG_WARN_EMPTY_BODY = YES;
				CLANG_WARN_ENUM_CONVERSION = YES;
				CLANG_WARN_INFINITE_RECURSION = YES;
				CLANG_WARN_INT_CONVERSION = YES;
				CLANG_WARN_NON_LITERAL_NULL_CONVERSION = YES;
				CLANG_WARN_OBJC_IMPLICIT_RETAIN_SELF = YES;
				CLANG_WARN_OBJC_LITERAL_CONVERSION = YES;
				CLANG_WARN_OBJC_ROOT_CLASS = YES_ERROR;
				CLANG_WARN_RANGE_LOOP_ANALYSIS = YES;
				CLANG_WARN_STRICT_PROTOTYPES = YES;
				CLANG_WARN_SUSPICIOUS_MOVE = YES;
				CLANG_WARN_UNGUARDED_AVAILABILITY = YES_AGGRESSIVE;
				CLANG_WARN_UNREACHABLE_CODE = YES;
				CLANG_WARN__DUPLICATE_METHOD_MATCH = YES;
				CODE_SIGN_IDENTITY = "iPhone Developer";
				COPY_PHASE_STRIP = NO;
				DEBUG_INFORMATION_FORMAT = "dwarf-with-dsym";
				ENABLE_NS_ASSERTIONS = NO;
				ENABLE_STRICT_OBJC_MSGSEND = YES;
				GCC_C_LANGUAGE_STANDARD = gnu11;
				GCC_NO_COMMON_BLOCKS = YES;
				GCC_WARN_64_TO_32_BIT_CONVERSION = YES;
				GCC_WARN_ABOUT_RETURN_TYPE = YES_ERROR;
				GCC_WARN_UNDECLARED_SELECTOR = YES;
				GCC_WARN_UNINITIALIZED_AUTOS = YES_AGGRESSIVE;
				GCC_WARN_UNUSED_FUNCTION = YES;
				GCC_WARN_UNUSED_VARIABLE = YES;
				IPHONEOS_DEPLOYMENT_TARGET = 12.1;
				MTL_ENABLE_DEBUG_INFO = NO;
				MTL_FAST_MATH = YES;
				SDKROOT = iphoneos;
				SWIFT_COMPILATION_MODE = wholemodule;
				SWIFT_OPTIMIZATION_LEVEL = "-O";
				VALIDATE_PRODUCT = YES;
			};
			name = Release;
		};
		FACCF15021D546520083B090 /* Debug */ = {
			isa = XCBuildConfiguration;
			buildSettings = {
				ASSETCATALOG_COMPILER_APPICON_NAME = AppIcon;
				CODE_SIGN_STYLE = Automatic;
				INFOPLIST_FILE = NavigationChanges/Info.plist;
				LD_RUNPATH_SEARCH_PATHS = (
					"$(inherited)",
					"@executable_path/Frameworks",
				);
				PRODUCT_BUNDLE_IDENTIFIER = com.vts.NavigationChanges;
				PRODUCT_NAME = "$(TARGET_NAME)";
				SWIFT_VERSION = 4.2;
				TARGETED_DEVICE_FAMILY = "1,2";
			};
			name = Debug;
		};
		FACCF15121D546520083B090 /* Release */ = {
			isa = XCBuildConfiguration;
			buildSettings = {
				ASSETCATALOG_COMPILER_APPICON_NAME = AppIcon;
				CODE_SIGN_STYLE = Automatic;
				INFOPLIST_FILE = NavigationChanges/Info.plist;
				LD_RUNPATH_SEARCH_PATHS = (
					"$(inherited)",
					"@executable_path/Frameworks",
				);
				PRODUCT_BUNDLE_IDENTIFIER = com.vts.NavigationChanges;
				PRODUCT_NAME = "$(TARGET_NAME)";
				SWIFT_VERSION = 4.2;
				TARGETED_DEVICE_FAMILY = "1,2";
			};
			name = Release;
		};
		FACCF15321D546520083B090 /* Debug */ = {
			isa = XCBuildConfiguration;
			buildSettings = {
				ALWAYS_EMBED_SWIFT_STANDARD_LIBRARIES = YES;
				BUNDLE_LOADER = "$(TEST_HOST)";
				CODE_SIGN_STYLE = Automatic;
				INFOPLIST_FILE = NavigationChangesTests/Info.plist;
				LD_RUNPATH_SEARCH_PATHS = (
					"$(inherited)",
					"@executable_path/Frameworks",
					"@loader_path/Frameworks",
				);
				PRODUCT_BUNDLE_IDENTIFIER = com.vts.NavigationChangesTests;
				PRODUCT_NAME = "$(TARGET_NAME)";
				SWIFT_VERSION = 4.2;
				TARGETED_DEVICE_FAMILY = "1,2";
				TEST_HOST = "$(BUILT_PRODUCTS_DIR)/NavigationChanges.app/NavigationChanges";
			};
			name = Debug;
		};
		FACCF15421D546520083B090 /* Release */ = {
			isa = XCBuildConfiguration;
			buildSettings = {
				ALWAYS_EMBED_SWIFT_STANDARD_LIBRARIES = YES;
				BUNDLE_LOADER = "$(TEST_HOST)";
				CODE_SIGN_STYLE = Automatic;
				INFOPLIST_FILE = NavigationChangesTests/Info.plist;
				LD_RUNPATH_SEARCH_PATHS = (
					"$(inherited)",
					"@executable_path/Frameworks",
					"@loader_path/Frameworks",
				);
				PRODUCT_BUNDLE_IDENTIFIER = com.vts.NavigationChangesTests;
				PRODUCT_NAME = "$(TARGET_NAME)";
				SWIFT_VERSION = 4.2;
				TARGETED_DEVICE_FAMILY = "1,2";
				TEST_HOST = "$(BUILT_PRODUCTS_DIR)/NavigationChanges.app/NavigationChanges";
			};
			name = Release;
		};
/* End XCBuildConfiguration section */

/* Begin XCConfigurationList section */
		FACCF12D21D5464D0083B090 /* Build configuration list for PBXProject "NavigationChanges" */ = {
			isa = XCConfigurationList;
			buildConfigurations = (
				FACCF14D21D546520083B090 /* Debug */,
				FACCF14E21D546520083B090 /* Release */,
			);
			defaultConfigurationIsVisible = 0;
			defaultConfigurationName = Release;
		};
		FACCF14F21D546520083B090 /* Build configuration list for PBXNativeTarget "NavigationChanges" */ = {
			isa = XCConfigurationList;
			buildConfigurations = (
				FACCF15021D546520083B090 /* Debug */,
				FACCF15121D546520083B090 /* Release */,
			);
			defaultConfigurationIsVisible = 0;
			defaultConfigurationName = Release;
		};
		FACCF15221D546520083B090 /* Build configuration list for PBXNativeTarget "NavigationChangesTests" */ = {
			isa = XCConfigurationList;
			buildConfigurations = (
				FACCF15321D546520083B090 /* Debug */,
				FACCF15421D546520083B090 /* Release */,
			);
			defaultConfigurationIsVisible = 0;
			defaultConfigurationName = Release;
		};
/* End XCConfigurationList section */
	};
	rootObject = FACCF12A21D5464D0083B090 /* Project object */;
}
